
Microsoft Visual Studio Solution File, Format Version 12.00
# Visual Studio Version 16
VisualStudioVersion = 16.0.31624.102
MinimumVisualStudioVersion = 10.0.40219.1
Project("{FAE04EC0-301F-11D3-BF4B-00C04F79EFBC}") = "Api", "Api\Api.csproj", "{55ABEC0C-BEB8-4F53-8B05-20E33BB43917}"
EndProject
Project("{FAE04EC0-301F-11D3-BF4B-00C04F79EFBC}") = "Core", "Core\Core.csproj", "{1049522B-1471-4832-88F4-FDA77E0A63A4}"
EndProject
Project("{FAE04EC0-301F-11D3-BF4B-00C04F79EFBC}") = "Infrastructure", "Infrastructure\Infrastructure.csproj", "{7E6BD068-4681-4C45-BA82-01B140880D22}"
EndProject
Global
	GlobalSection(SolutionConfigurationPlatforms) = preSolution
		Debug|Any CPU = Debug|Any CPU
		Release|Any CPU = Release|Any CPU
	EndGlobalSection
	GlobalSection(ProjectConfigurationPlatforms) = postSolution
		{55ABEC0C-BEB8-4F53-8B05-20E33BB43917}.Debug|Any CPU.ActiveCfg = Debug|Any CPU
		{55ABEC0C-BEB8-4F53-8B05-20E33BB43917}.Debug|Any CPU.Build.0 = Debug|Any CPU
		{55ABEC0C-BEB8-4F53-8B05-20E33BB43917}.Release|Any CPU.ActiveCfg = Release|Any CPU
		{55ABEC0C-BEB8-4F53-8B05-20E33BB43917}.Release|Any CPU.Build.0 = Release|Any CPU
		{1049522B-1471-4832-88F4-FDA77E0A63A4}.Debug|Any CPU.ActiveCfg = Debug|Any CPU
		{1049522B-1471-4832-88F4-FDA77E0A63A4}.Debug|Any CPU.Build.0 = Debug|Any CPU
		{1049522B-1471-4832-88F4-FDA77E0A63A4}.Release|Any CPU.ActiveCfg = Release|Any CPU
		{1049522B-1471-4832-88F4-FDA77E0A63A4}.Release|Any CPU.Build.0 = Release|Any CPU
		{7E6BD068-4681-4C45-BA82-01B140880D22}.Debug|Any CPU.ActiveCfg = Debug|Any CPU
		{7E6BD068-4681-4C45-BA82-01B140880D22}.Debug|Any CPU.Build.0 = Debug|Any CPU
		{7E6BD068-4681-4C45-BA82-01B140880D22}.Release|Any CPU.ActiveCfg = Release|Any CPU
		{7E6BD068-4681-4C45-BA82-01B140880D22}.Release|Any CPU.Build.0 = Release|Any CPU
	EndGlobalSection
	GlobalSection(SolutionProperties) = preSolution
		HideSolutionNode = FALSE
	EndGlobalSection
	GlobalSection(ExtensibilityGlobals) = postSolution
		SolutionGuid = {9BF1BC45-FDCF-43EF-AD0F-EE20BC8B3942}
	EndGlobalSection
EndGlobal
